
Microsoft Visual Studio Solution File, Format Version 12.00
# Visual Studio Version 17
VisualStudioVersion = 17.9.34728.123
MinimumVisualStudioVersion = 10.0.40219.1
Project("{2150E333-8FDC-42A3-9474-1A3956D46DE8}") = "src", "src", "{3082333E-288E-46F4-94F4-F63D670900BE}"
EndProject
Project("{9A19103F-16F7-4668-BE54-9A1E7A4F7556}") = "MotoRentalService.Domain", "src\MotoRentalService.Domain\MotoRentalService.Domain.csproj", "{7A31310D-30D7-4242-A5C6-FE20189FE181}"
EndProject
Project("{9A19103F-16F7-4668-BE54-9A1E7A4F7556}") = "MotoRentalService.Application", "src\MotoRentalService.Application\MotoRentalService.Application.csproj", "{CDB05D71-5161-4FAC-9EBF-F31CED22757A}"
EndProject
Project("{9A19103F-16F7-4668-BE54-9A1E7A4F7556}") = "MotoRentalService.Infrastructure", "src\MotoRentalService.infrastructure\MotoRentalService.Infrastructure.csproj", "{21F928EA-B8FF-435B-8935-50363BCD415F}"
EndProject
Project("{9A19103F-16F7-4668-BE54-9A1E7A4F7556}") = "MotoRentalService.API", "src\MotoRentalService.API\MotoRentalService.API.csproj", "{674D137B-8A94-4060-BD11-18FA271F3A7C}"
EndProject
Project("{2150E333-8FDC-42A3-9474-1A3956D46DE8}") = "tests", "tests", "{F50787E3-16AB-4B9C-AF57-9A36F5F6C8CC}"
EndProject
Project("{FAE04EC0-301F-11D3-BF4B-00C04F79EFBC}") = "MotoRentalService.API.Tests", "tests\MotoRentalService.API.Tests\MotoRentalService.API.Tests.csproj", "{FBC0E3B4-717D-4AF5-8C65-E2970CE28FEC}"
EndProject
Project("{FAE04EC0-301F-11D3-BF4B-00C04F79EFBC}") = "MotoRentalService.Application.Tests", "tests\MotoRentalService.Application.Tests\MotoRentalService.Application.Tests.csproj", "{97984084-33AD-4108-97B1-B85EFD52EE25}"
EndProject
Project("{FAE04EC0-301F-11D3-BF4B-00C04F79EFBC}") = "MotoRentalService.Domain.Tests", "tests\MotoRentalService.Domain.Tests\MotoRentalService.Domain.Tests.csproj", "{C4040C5F-BA5C-42DC-AC61-58D3FF53FCED}"
EndProject
Project("{FAE04EC0-301F-11D3-BF4B-00C04F79EFBC}") = "MotoRentalService.Infrastructure.Tests", "tests\MotoRentalService.Infrastructure.Tests\MotoRentalService.Infrastructure.Tests.csproj", "{300D675B-6A92-4553-A5CF-52D3E2569322}"
EndProject
Global
	GlobalSection(SolutionConfigurationPlatforms) = preSolution
		Debug|Any CPU = Debug|Any CPU
		Release|Any CPU = Release|Any CPU
	EndGlobalSection
	GlobalSection(ProjectConfigurationPlatforms) = postSolution
		{7A31310D-30D7-4242-A5C6-FE20189FE181}.Debug|Any CPU.ActiveCfg = Debug|Any CPU
		{7A31310D-30D7-4242-A5C6-FE20189FE181}.Debug|Any CPU.Build.0 = Debug|Any CPU
		{7A31310D-30D7-4242-A5C6-FE20189FE181}.Release|Any CPU.ActiveCfg = Release|Any CPU
		{7A31310D-30D7-4242-A5C6-FE20189FE181}.Release|Any CPU.Build.0 = Release|Any CPU
		{CDB05D71-5161-4FAC-9EBF-F31CED22757A}.Debug|Any CPU.ActiveCfg = Debug|Any CPU
		{CDB05D71-5161-4FAC-9EBF-F31CED22757A}.Debug|Any CPU.Build.0 = Debug|Any CPU
		{CDB05D71-5161-4FAC-9EBF-F31CED22757A}.Release|Any CPU.ActiveCfg = Release|Any CPU
		{CDB05D71-5161-4FAC-9EBF-F31CED22757A}.Release|Any CPU.Build.0 = Release|Any CPU
		{21F928EA-B8FF-435B-8935-50363BCD415F}.Debug|Any CPU.ActiveCfg = Debug|Any CPU
		{21F928EA-B8FF-435B-8935-50363BCD415F}.Debug|Any CPU.Build.0 = Debug|Any CPU
		{21F928EA-B8FF-435B-8935-50363BCD415F}.Release|Any CPU.ActiveCfg = Release|Any CPU
		{21F928EA-B8FF-435B-8935-50363BCD415F}.Release|Any CPU.Build.0 = Release|Any CPU
		{674D137B-8A94-4060-BD11-18FA271F3A7C}.Debug|Any CPU.ActiveCfg = Debug|Any CPU
		{674D137B-8A94-4060-BD11-18FA271F3A7C}.Debug|Any CPU.Build.0 = Debug|Any CPU
		{674D137B-8A94-4060-BD11-18FA271F3A7C}.Release|Any CPU.ActiveCfg = Release|Any CPU
		{674D137B-8A94-4060-BD11-18FA271F3A7C}.Release|Any CPU.Build.0 = Release|Any CPU
		{FBC0E3B4-717D-4AF5-8C65-E2970CE28FEC}.Debug|Any CPU.ActiveCfg = Debug|Any CPU
		{FBC0E3B4-717D-4AF5-8C65-E2970CE28FEC}.Debug|Any CPU.Build.0 = Debug|Any CPU
		{FBC0E3B4-717D-4AF5-8C65-E2970CE28FEC}.Release|Any CPU.ActiveCfg = Release|Any CPU
		{FBC0E3B4-717D-4AF5-8C65-E2970CE28FEC}.Release|Any CPU.Build.0 = Release|Any CPU
		{97984084-33AD-4108-97B1-B85EFD52EE25}.Debug|Any CPU.ActiveCfg = Debug|Any CPU
		{97984084-33AD-4108-97B1-B85EFD52EE25}.Debug|Any CPU.Build.0 = Debug|Any CPU
		{97984084-33AD-4108-97B1-B85EFD52EE25}.Release|Any CPU.ActiveCfg = Release|Any CPU
		{97984084-33AD-4108-97B1-B85EFD52EE25}.Release|Any CPU.Build.0 = Release|Any CPU
		{C4040C5F-BA5C-42DC-AC61-58D3FF53FCED}.Debug|Any CPU.ActiveCfg = Debug|Any CPU
		{C4040C5F-BA5C-42DC-AC61-58D3FF53FCED}.Debug|Any CPU.Build.0 = Debug|Any CPU
		{C4040C5F-BA5C-42DC-AC61-58D3FF53FCED}.Release|Any CPU.ActiveCfg = Release|Any CPU
		{C4040C5F-BA5C-42DC-AC61-58D3FF53FCED}.Release|Any CPU.Build.0 = Release|Any CPU
		{300D675B-6A92-4553-A5CF-52D3E2569322}.Debug|Any CPU.ActiveCfg = Debug|Any CPU
		{300D675B-6A92-4553-A5CF-52D3E2569322}.Debug|Any CPU.Build.0 = Debug|Any CPU
		{300D675B-6A92-4553-A5CF-52D3E2569322}.Release|Any CPU.ActiveCfg = Release|Any CPU
		{300D675B-6A92-4553-A5CF-52D3E2569322}.Release|Any CPU.Build.0 = Release|Any CPU
	EndGlobalSection
	GlobalSection(SolutionProperties) = preSolution
		HideSolutionNode = FALSE
	EndGlobalSection
	GlobalSection(NestedProjects) = preSolution
		{7A31310D-30D7-4242-A5C6-FE20189FE181} = {3082333E-288E-46F4-94F4-F63D670900BE}
		{CDB05D71-5161-4FAC-9EBF-F31CED22757A} = {3082333E-288E-46F4-94F4-F63D670900BE}
		{21F928EA-B8FF-435B-8935-50363BCD415F} = {3082333E-288E-46F4-94F4-F63D670900BE}
		{674D137B-8A94-4060-BD11-18FA271F3A7C} = {3082333E-288E-46F4-94F4-F63D670900BE}
		{FBC0E3B4-717D-4AF5-8C65-E2970CE28FEC} = {F50787E3-16AB-4B9C-AF57-9A36F5F6C8CC}
		{97984084-33AD-4108-97B1-B85EFD52EE25} = {F50787E3-16AB-4B9C-AF57-9A36F5F6C8CC}
		{C4040C5F-BA5C-42DC-AC61-58D3FF53FCED} = {F50787E3-16AB-4B9C-AF57-9A36F5F6C8CC}
		{300D675B-6A92-4553-A5CF-52D3E2569322} = {F50787E3-16AB-4B9C-AF57-9A36F5F6C8CC}
	EndGlobalSection
	GlobalSection(ExtensibilityGlobals) = postSolution
		SolutionGuid = {D1B906A0-81C5-4D27-987B-51C848ACAFE7}
	EndGlobalSection
EndGlobal
